
Microsoft Visual Studio Solution File, Format Version 12.00
# Visual Studio Version 16
VisualStudioVersion = 16.0.29911.84
MinimumVisualStudioVersion = 10.0.40219.1
Project("{FAE04EC0-301F-11D3-BF4B-00C04F79EFBC}") = "Client", "Client.csproj", "{7995E16E-1DFB-4600-83B1-6AD947AC5AA9}"
EndProject
Global
	GlobalSection(SolutionConfigurationPlatforms) = preSolution
		Debug|Any CPU = Debug|Any CPU
		Release|Any CPU = Release|Any CPU
	EndGlobalSection
	GlobalSection(ProjectConfigurationPlatforms) = postSolution
		{7995E16E-1DFB-4600-83B1-6AD947AC5AA9}.Debug|Any CPU.ActiveCfg = Debug|Any CPU
		{7995E16E-1DFB-4600-83B1-6AD947AC5AA9}.Debug|Any CPU.Build.0 = Debug|Any CPU
		{7995E16E-1DFB-4600-83B1-6AD947AC5AA9}.Release|Any CPU.ActiveCfg = Release|Any CPU
		{7995E16E-1DFB-4600-83B1-6AD947AC5AA9}.Release|Any CPU.Build.0 = Release|Any CPU
	EndGlobalSection
	GlobalSection(SolutionProperties) = preSolution
		HideSolutionNode = FALSE
	EndGlobalSection
	GlobalSection(ExtensibilityGlobals) = postSolution
		SolutionGuid = {1B9BD455-E1EA-4F12-A14F-32BDFDB84EC9}
	EndGlobalSection
EndGlobal
