
Microsoft Visual Studio Solution File, Format Version 12.00
# Visual Studio Version 16
VisualStudioVersion = 16.0.29911.84
MinimumVisualStudioVersion = 10.0.40219.1
Project("{9A19103F-16F7-4668-BE54-9A1E7A4F7556}") = "Server", "Server.csproj", "{7D2F69D4-C831-46AC-A2CE-CEE58CBFAFC4}"
EndProject
Project("{FAE04EC0-301F-11D3-BF4B-00C04F79EFBC}") = "Godot Game", "..\Godot Game\Godot Game.csproj", "{9591D1B9-1EA5-4C0A-A4CA-82E357B306E5}"
EndProject
Global
	GlobalSection(SolutionConfigurationPlatforms) = preSolution
		Debug|Any CPU = Debug|Any CPU
		Release|Any CPU = Release|Any CPU
	EndGlobalSection
	GlobalSection(ProjectConfigurationPlatforms) = postSolution
		{7D2F69D4-C831-46AC-A2CE-CEE58CBFAFC4}.Debug|Any CPU.ActiveCfg = Debug|Any CPU
		{7D2F69D4-C831-46AC-A2CE-CEE58CBFAFC4}.Debug|Any CPU.Build.0 = Debug|Any CPU
		{7D2F69D4-C831-46AC-A2CE-CEE58CBFAFC4}.Release|Any CPU.ActiveCfg = Release|Any CPU
		{7D2F69D4-C831-46AC-A2CE-CEE58CBFAFC4}.Release|Any CPU.Build.0 = Release|Any CPU
		{9591D1B9-1EA5-4C0A-A4CA-82E357B306E5}.Debug|Any CPU.ActiveCfg = Debug|Any CPU
		{9591D1B9-1EA5-4C0A-A4CA-82E357B306E5}.Debug|Any CPU.Build.0 = Debug|Any CPU
		{9591D1B9-1EA5-4C0A-A4CA-82E357B306E5}.Release|Any CPU.ActiveCfg = Release|Any CPU
		{9591D1B9-1EA5-4C0A-A4CA-82E357B306E5}.Release|Any CPU.Build.0 = Release|Any CPU
	EndGlobalSection
	GlobalSection(SolutionProperties) = preSolution
		HideSolutionNode = FALSE
	EndGlobalSection
	GlobalSection(ExtensibilityGlobals) = postSolution
		SolutionGuid = {D12604D3-A57A-44E9-889D-AB03E0CA243D}
	EndGlobalSection
EndGlobal
